{
  "nodes": {
    "flake-parts": {
      "inputs": {
        "nixpkgs-lib": "nixpkgs-lib"
      },
      "locked": {
        "lastModified": 1741352980,
        "narHash": "sha256-+u2UunDA4Cl5Fci3m7S643HzKmIDAe+fiXrLqYsR2fs=",
        "owner": "hercules-ci",
        "repo": "flake-parts",
        "rev": "f4330d22f1c5d2ba72d3d22df5597d123fdb60a9",
        "type": "github"
      },
      "original": {
        "owner": "hercules-ci",
        "repo": "flake-parts",
        "type": "github"
      }
    },
    "foolnotion": {
      "inputs": {
        "nixpkgs": [
          "nixpkgs"
        ]
      },
      "locked": {
        "lastModified": 1741118343,
        "narHash": "sha256-dnPg2LwAs8DQrCIEXksWa6kfISs4k973Ecd6G41ZYbs=",
        "owner": "foolnotion",
        "repo": "nur-pkg",
        "rev": "a0a43ee03d4c315ad4828bc6420cbb714878ab43",
        "type": "github"
      },
      "original": {
        "owner": "foolnotion",
        "repo": "nur-pkg",
        "type": "github"
      }
    },
    "nixpkgs": {
      "locked": {
        "lastModified": 1742117732,
        "narHash": "sha256-mBFJFaSZopNdd2nf3By6NLjleEHyOG1bWVsd/gvKThc=",
        "owner": "nixos",
        "repo": "nixpkgs",
        "rev": "e008b6dcdac455857c7440053a0b83a24834167b",
        "type": "github"
      },
      "original": {
        "owner": "nixos",
        "ref": "master",
        "repo": "nixpkgs",
        "type": "github"
      }
    },
    "nixpkgs-lib": {
      "locked": {
        "lastModified": 1740877520,
        "narHash": "sha256-oiwv/ZK/2FhGxrCkQkB83i7GnWXPPLzoqFHpDD3uYpk=",
        "owner": "nix-community",
        "repo": "nixpkgs.lib",
        "rev": "147dee35aab2193b174e4c0868bd80ead5ce755c",
        "type": "github"
      },
      "original": {
        "owner": "nix-community",
        "repo": "nixpkgs.lib",
        "type": "github"
      }
    },
    "root": {
      "inputs": {
        "flake-parts": "flake-parts",
        "foolnotion": "foolnotion",
        "nixpkgs": "nixpkgs"
      }
    }
  },
  "root": "root",
  "version": 7
}
